
Microsoft Visual Studio Solution File, Format Version 12.00
# Visual Studio Version 16
VisualStudioVersion = 16.0.30503.244
MinimumVisualStudioVersion = 10.0.40219.1
Project("{FAE04EC0-301F-11D3-BF4B-00C04F79EFBC}") = "TomWeatherApp", "TomWeatherApp.csproj", "{B90FB103-A20C-49EF-88FA-FC45630D7CB7}"
EndProject
Global
	GlobalSection(SolutionConfigurationPlatforms) = preSolution
		Debug|Any CPU = Debug|Any CPU
		Release|Any CPU = Release|Any CPU
	EndGlobalSection
	GlobalSection(ProjectConfigurationPlatforms) = postSolution
		{B90FB103-A20C-49EF-88FA-FC45630D7CB7}.Debug|Any CPU.ActiveCfg = Debug|Any CPU
		{B90FB103-A20C-49EF-88FA-FC45630D7CB7}.Debug|Any CPU.Build.0 = Debug|Any CPU
		{B90FB103-A20C-49EF-88FA-FC45630D7CB7}.Release|Any CPU.ActiveCfg = Release|Any CPU
		{B90FB103-A20C-49EF-88FA-FC45630D7CB7}.Release|Any CPU.Build.0 = Release|Any CPU
	EndGlobalSection
	GlobalSection(SolutionProperties) = preSolution
		HideSolutionNode = FALSE
	EndGlobalSection
	GlobalSection(ExtensibilityGlobals) = postSolution
		SolutionGuid = {D06B22A0-547B-45A3-A16F-3848EBE60A14}
	EndGlobalSection
EndGlobal
